// !$*UTF8*$!
{
	archiveVersion = 1;
	classes = {
	};
	objectVersion = 46;
	objects = {

/* Begin PBXBuildFile section */
		04B8A36F1B5D1401001CD94E /* AppDelegate.swift in Sources */ = {isa = PBXBuildFile; fileRef = 04B8A36E1B5D1401001CD94E /* AppDelegate.swift */; };
		04B8A3711B5D1401001CD94E /* ViewController.swift in Sources */ = {isa = PBXBuildFile; fileRef = 04B8A3701B5D1401001CD94E /* ViewController.swift */; };
		04B8A3741B5D1401001CD94E /* Main.storyboard in Resources */ = {isa = PBXBuildFile; fileRef = 04B8A3721B5D1401001CD94E /* Main.storyboard */; };
		04B8A3761B5D1401001CD94E /* Images.xcassets in Resources */ = {isa = PBXBuildFile; fileRef = 04B8A3751B5D1401001CD94E /* Images.xcassets */; };
		04B8A3791B5D1401001CD94E /* LaunchScreen.xib in Resources */ = {isa = PBXBuildFile; fileRef = 04B8A3771B5D1401001CD94E /* LaunchScreen.xib */; };
		04B8A3851B5D1401001CD94E /* testTests.swift in Sources */ = {isa = PBXBuildFile; fileRef = 04B8A3841B5D1401001CD94E /* testTests.swift */; };
/* End PBXBuildFile section */

/* Begin PBXContainerItemProxy section */
		04B8A37F1B5D1401001CD94E /* PBXContainerItemProxy */ = {
			isa = PBXContainerItemProxy;
			containerPortal = 04B8A3611B5D1400001CD94E /* Project object */;
			proxyType = 1;
			remoteGlobalIDString = 04B8A3681B5D1400001CD94E;
			remoteInfo = test;
		};
/* End PBXContainerItemProxy section */

/* Begin PBXFileReference section */
		04B8A3691B5D1400001CD94E /* test.app */ = {isa = PBXFileReference; explicitFileType = wrapper.application; includeInIndex = 0; path = test.app; sourceTree = BUILT_PRODUCTS_DIR; };
		04B8A36D1B5D1401001CD94E /* Info.plist */ = {isa = PBXFileReference; lastKnownFileType = text.plist.xml; path = Info.plist; sourceTree = "<group>"; };
		04B8A36E1B5D1401001CD94E /* AppDelegate.swift */ = {isa = PBXFileReference; lastKnownFileType = sourcecode.swift; path = AppDelegate.swift; sourceTree = "<group>"; };
		04B8A3701B5D1401001CD94E /* ViewController.swift */ = {isa = PBXFileReference; lastKnownFileType = sourcecode.swift; path = ViewController.swift; sourceTree = "<group>"; };
		04B8A3731B5D1401001CD94E /* Base */ = {isa = PBXFileReference; lastKnownFileType = file.storyboard; name = Base; path = Base.lproj/Main.storyboard; sourceTree = "<group>"; };
		04B8A3751B5D1401001CD94E /* Images.xcassets */ = {isa = PBXFileReference; lastKnownFileType = folder.assetcatalog; path = Images.xcassets; sourceTree = "<group>"; };
		04B8A3781B5D1401001CD94E /* Base */ = {isa = PBXFileReference; lastKnownFileType = file.xib; name = Base; path = Base.lproj/LaunchScreen.xib; sourceTree = "<group>"; };
		04B8A37E1B5D1401001CD94E /* testTests.xctest */ = {isa = PBXFileReference; explicitFileType = wrapper.cfbundle; includeInIndex = 0; path = testTests.xctest; sourceTree = BUILT_PRODUCTS_DIR; };
		04B8A3831B5D1401001CD94E /* Info.plist */ = {isa = PBXFileReference; lastKnownFileType = text.plist.xml; path = Info.plist; sourceTree = "<group>"; };
		04B8A3841B5D1401001CD94E /* testTests.swift */ = {isa = PBXFileReference; lastKnownFileType = sourcecode.swift; path = testTests.swift; sourceTree = "<group>"; };
/* End PBXFileReference section */

/* Begin PBXFrameworksBuildPhase section */
		04B8A3661B5D1400001CD94E /* Frameworks */ = {
			isa = PBXFrameworksBuildPhase;
			buildActionMask = 2147483647;
			files = (
			);
			runOnlyForDeploymentPostprocessing = 0;
		};
		04B8A37B1B5D1401001CD94E /* Frameworks */ = {
			isa = PBXFrameworksBuildPhase;
			buildActionMask = 2147483647;
			files = (
			);
			runOnlyForDeploymentPostprocessing = 0;
		};
/* End PBXFrameworksBuildPhase section */

/* Begin PBXGroup section */
		04B8A3601B5D1400001CD94E = {
			isa = PBXGroup;
			children = (
				04B8A36B1B5D1400001CD94E /* test */,
				04B8A3811B5D1401001CD94E /* testTests */,
				04B8A36A1B5D1400001CD94E /* Products */,
			);
			sourceTree = "<group>";
		};
		04B8A36A1B5D1400001CD94E /* Products */ = {
			isa = PBXGroup;
			children = (
				04B8A3691B5D1400001CD94E /* test.app */,
				04B8A37E1B5D1401001CD94E /* testTests.xctest */,
			);
			name = Products;
			sourceTree = "<group>";
		};
		04B8A36B1B5D1400001CD94E /* test */ = {
			isa = PBXGroup;
			children = (
				04B8A36E1B5D1401001CD94E /* AppDelegate.swift */,
				04B8A3701B5D1401001CD94E /* ViewController.swift */,
				04B8A3721B5D1401001CD94E /* Main.storyboard */,
				04B8A3751B5D1401001CD94E /* Images.xcassets */,
				04B8A3771B5D1401001CD94E /* LaunchScreen.xib */,
				04B8A36C1B5D1400001CD94E /* Supporting Files */,
			);
			path = test;
			sourceTree = "<group>";
		};
		04B8A36C1B5D1400001CD94E /* Supporting Files */ = {
			isa = PBXGroup;
			children = (
				04B8A36D1B5D1401001CD94E /* Info.plist */,
			);
			name = "Supporting Files";
			sourceTree = "<group>";
		};
		04B8A3811B5D1401001CD94E /* testTests */ = {
			isa = PBXGroup;
			children = (
				04B8A3841B5D1401001CD94E /* testTests.swift */,
				04B8A3821B5D1401001CD94E /* Supporting Files */,
			);
			path = testTests;
			sourceTree = "<group>";
		};
		04B8A3821B5D1401001CD94E /* Supporting Files */ = {
			isa = PBXGroup;
			children = (
				04B8A3831B5D1401001CD94E /* Info.plist */,
			);
			name = "Supporting Files";
			sourceTree = "<group>";
		};
/* End PBXGroup section */

/* Begin PBXNativeTarget section */
		04B8A3681B5D1400001CD94E /* test */ = {
			isa = PBXNativeTarget;
			buildConfigurationList = 04B8A3881B5D1401001CD94E /* Build configuration list for PBXNativeTarget "test" */;
			buildPhases = (
				04B8A3651B5D1400001CD94E /* Sources */,
				04B8A3661B5D1400001CD94E /* Frameworks */,
				04B8A3671B5D1400001CD94E /* Resources */,
			);
			buildRules = (
			);
			dependencies = (
			);
			name = test;
			productName = test;
			productReference = 04B8A3691B5D1400001CD94E /* test.app */;
			productType = "com.apple.product-type.application";
		};
		04B8A37D1B5D1401001CD94E /* testTests */ = {
			isa = PBXNativeTarget;
			buildConfigurationList = 04B8A38B1B5D1401001CD94E /* Build configuration list for PBXNativeTarget "testTests" */;
			buildPhases = (
				04B8A37A1B5D1401001CD94E /* Sources */,
				04B8A37B1B5D1401001CD94E /* Frameworks */,
				04B8A37C1B5D1401001CD94E /* Resources */,
			);
			buildRules = (
			);
			dependencies = (
				04B8A3801B5D1401001CD94E /* PBXTargetDependency */,
			);
			name = testTests;
			productName = testTests;
			productReference = 04B8A37E1B5D1401001CD94E /* testTests.xctest */;
			productType = "com.apple.product-type.bundle.unit-test";
		};
/* End PBXNativeTarget section */

/* Begin PBXProject section */
		04B8A3611B5D1400001CD94E /* Project object */ = {
			isa = PBXProject;
			attributes = {
				LastUpgradeCheck = 0640;
				ORGANIZATIONNAME = mac;
				TargetAttributes = {
					04B8A3681B5D1400001CD94E = {
						CreatedOnToolsVersion = 6.4;
					};
					04B8A37D1B5D1401001CD94E = {
						CreatedOnToolsVersion = 6.4;
						TestTargetID = 04B8A3681B5D1400001CD94E;
					};
				};
			};
			buildConfigurationList = 04B8A3641B5D1400001CD94E /* Build configuration list for PBXProject "test" */;
			compatibilityVersion = "Xcode 3.2";
			developmentRegion = English;
			hasScannedForEncodings = 0;
			knownRegions = (
				en,
				Base,
			);
			mainGroup = 04B8A3601B5D1400001CD94E;
			productRefGroup = 04B8A36A1B5D1400001CD94E /* Products */;
			projectDirPath = "";
			projectRoot = "";
			targets = (
				04B8A3681B5D1400001CD94E /* test */,
				04B8A37D1B5D1401001CD94E /* testTests */,
			);
		};
/* End PBXProject section */

/* Begin PBXResourcesBuildPhase section */
		04B8A3671B5D1400001CD94E /* Resources */ = {
			isa = PBXResourcesBuildPhase;
			buildActionMask = 2147483647;
			files = (
				04B8A3741B5D1401001CD94E /* Main.storyboard in Resources */,
				04B8A3791B5D1401001CD94E /* LaunchScreen.xib in Resources */,
				04B8A3761B5D1401001CD94E /* Images.xcassets in Resources */,
			);
			runOnlyForDeploymentPostprocessing = 0;
		};
		04B8A37C1B5D1401001CD94E /* Resources */ = {
			isa = PBXResourcesBuildPhase;
			buildActionMask = 2147483647;
			files = (
			);
			runOnlyForDeploymentPostprocessing = 0;
		};
/* End PBXResourcesBuildPhase section */

/* Begin PBXSourcesBuildPhase section */
		04B8A3651B5D1400001CD94E /* Sources */ = {
			isa = PBXSourcesBuildPhase;
			buildActionMask = 2147483647;
			files = (
				04B8A3711B5D1401001CD94E /* ViewController.swift in Sources */,
				04B8A36F1B5D1401001CD94E /* AppDelegate.swift in Sources */,
			);
			runOnlyForDeploymentPostprocessing = 0;
		};
		04B8A37A1B5D1401001CD94E /* Sources */ = {
			isa = PBXSourcesBuildPhase;
			buildActionMask = 2147483647;
			files = (
				04B8A3851B5D1401001CD94E /* testTests.swift in Sources */,
			);
			runOnlyForDeploymentPostprocessing = 0;
		};
/* End PBXSourcesBuildPhase section */

/* Begin PBXTargetDependency section */
		04B8A3801B5D1401001CD94E /* PBXTargetDependency */ = {
			isa = PBXTargetDependency;
			target = 04B8A3681B5D1400001CD94E /* test */;
			targetProxy = 04B8A37F1B5D1401001CD94E /* PBXContainerItemProxy */;
		};
/* End PBXTargetDependency section */

/* Begin PBXVariantGroup section */
		04B8A3721B5D1401001CD94E /* Main.storyboard */ = {
			isa = PBXVariantGroup;
			children = (
				04B8A3731B5D1401001CD94E /* Base */,
			);
			name = Main.storyboard;
			sourceTree = "<group>";
		};
		04B8A3771B5D1401001CD94E /* LaunchScreen.xib */ = {
			isa = PBXVariantGroup;
			children = (
				04B8A3781B5D1401001CD94E /* Base */,
			);
			name = LaunchScreen.xib;
			sourceTree = "<group>";
		};
/* End PBXVariantGroup section */

/* Begin XCBuildConfiguration section */
		04B8A3861B5D1401001CD94E /* Debug */ = {
			isa = XCBuildConfiguration;
			buildSettings = {
				ALWAYS_SEARCH_USER_PATHS = NO;
				CLANG_CXX_LANGUAGE_STANDARD = "gnu++0x";
				CLANG_CXX_LIBRARY = "libc++";
				CLANG_ENABLE_MODULES = YES;
				CLANG_ENABLE_OBJC_ARC = YES;
				CLANG_WARN_BOOL_CONVERSION = YES;
				CLANG_WARN_CONSTANT_CONVERSION = YES;
				CLANG_WARN_DIRECT_OBJC_ISA_USAGE = YES_ERROR;
				CLANG_WARN_EMPTY_BODY = YES;
				CLANG_WARN_ENUM_CONVERSION = YES;
				CLANG_WARN_INT_CONVERSION = YES;
				CLANG_WARN_OBJC_ROOT_CLASS = YES_ERROR;
				CLANG_WARN_UNREACHABLE_CODE = YES;
				CLANG_WARN__DUPLICATE_METHOD_MATCH = YES;
				"CODE_SIGN_IDENTITY[sdk=iphoneos*]" = "iPhone Developer";
				COPY_PHASE_STRIP = NO;
				DEBUG_INFORMATION_FORMAT = "dwarf-with-dsym";
				ENABLE_STRICT_OBJC_MSGSEND = YES;
				GCC_C_LANGUAGE_STANDARD = gnu99;
				GCC_DYNAMIC_NO_PIC = NO;
				GCC_NO_COMMON_BLOCKS = YES;
				GCC_OPTIMIZATION_LEVEL = 0;
				GCC_PREPROCESSOR_DEFINITIONS = (
					"DEBUG=1",
					"$(inherited)",
				);
				GCC_SYMBOLS_PRIVATE_EXTERN = NO;
				GCC_WARN_64_TO_32_BIT_CONVERSION = YES;
				GCC_WARN_ABOUT_RETURN_TYPE = YES_ERROR;
				GCC_WARN_UNDECLARED_SELECTOR = YES;
				GCC_WARN_UNINITIALIZED_AUTOS = YES_AGGRESSIVE;
				GCC_WARN_UNUSED_FUNCTION = YES;
				GCC_WARN_UNUSED_VARIABLE = YES;
				IPHONEOS_DEPLOYMENT_TARGET = 8.4;
				MTL_ENABLE_DEBUG_INFO = YES;
				ONLY_ACTIVE_ARCH = YES;
				SDKROOT = iphoneos;
				SWIFT_OPTIMIZATION_LEVEL = "-Onone";
			};
			name = Debug;
		};
		04B8A3871B5D1401001CD94E /* Release */ = {
			isa = XCBuildConfiguration;
			buildSettings = {
				ALWAYS_SEARCH_USER_PATHS = NO;
				CLANG_CXX_LANGUAGE_STANDARD = "gnu++0x";
				CLANG_CXX_LIBRARY = "libc++";
				CLANG_ENABLE_MODULES = YES;
				CLANG_ENABLE_OBJC_ARC = YES;
				CLANG_WARN_BOOL_CONVERSION = YES;
				CLANG_WARN_CONSTANT_CONVERSION = YES;
				CLANG_WARN_DIRECT_OBJC_ISA_USAGE = YES_ERROR;
				CLANG_WARN_EMPTY_BODY = YES;
				CLANG_WARN_ENUM_CONVERSION = YES;
				CLANG_WARN_INT_CONVERSION = YES;
				CLANG_WARN_OBJC_ROOT_CLASS = YES_ERROR;
				CLANG_WARN_UNREACHABLE_CODE = YES;
				CLANG_WARN__DUPLICATE_METHOD_MATCH = YES;
				"CODE_SIGN_IDENTITY[sdk=iphoneos*]" = "iPhone Developer";
				COPY_PHASE_STRIP = NO;
				DEBUG_INFORMATION_FORMAT = "dwarf-with-dsym";
				ENABLE_NS_ASSERTIONS = NO;
				ENABLE_STRICT_OBJC_MSGSEND = YES;
				GCC_C_LANGUAGE_STANDARD = gnu99;
				GCC_NO_COMMON_BLOCKS = YES;
				GCC_WARN_64_TO_32_BIT_CONVERSION = YES;
				GCC_WARN_ABOUT_RETURN_TYPE = YES_ERROR;
				GCC_WARN_UNDECLARED_SELECTOR = YES;
				GCC_WARN_UNINITIALIZED_AUTOS = YES_AGGRESSIVE;
				GCC_WARN_UNUSED_FUNCTION = YES;
				GCC_WARN_UNUSED_VARIABLE = YES;
				IPHONEOS_DEPLOYMENT_TARGET = 8.4;
				MTL_ENABLE_DEBUG_INFO = NO;
				SDKROOT = iphoneos;
				VALIDATE_PRODUCT = YES;
			};
			name = Release;
		};
		04B8A3891B5D1401001CD94E /* Debug */ = {
			isa = XCBuildConfiguration;
			buildSettings = {
				ASSETCATALOG_COMPILER_APPICON_NAME = AppIcon;
				INFOPLIST_FILE = test/Info.plist;
				LD_RUNPATH_SEARCH_PATHS = "$(inherited) @executable_path/Frameworks";
				PRODUCT_NAME = "$(TARGET_NAME)";
			};
			name = Debug;
		};
		04B8A38A1B5D1401001CD94E /* Release */ = {
			isa = XCBuildConfiguration;
			buildSettings = {
				ASSETCATALOG_COMPILER_APPICON_NAME = AppIcon;
				INFOPLIST_FILE = test/Info.plist;
				LD_RUNPATH_SEARCH_PATHS = "$(inherited) @executable_path/Frameworks";
				PRODUCT_NAME = "$(TARGET_NAME)";
			};
			name = Release;
		};
		04B8A38C1B5D1401001CD94E /* Debug */ = {
			isa = XCBuildConfiguration;
			buildSettings = {
				BUNDLE_LOADER = "$(TEST_HOST)";
				FRAMEWORK_SEARCH_PATHS = (
					"$(SDKROOT)/Developer/Library/Frameworks",
					"$(inherited)",
				);
				GCC_PREPROCESSOR_DEFINITIONS = (
					"DEBUG=1",
					"$(inherited)",
				);
				INFOPLIST_FILE = testTests/Info.plist;
				LD_RUNPATH_SEARCH_PATHS = "$(inherited) @executable_path/Frameworks @loader_path/Frameworks";
				PRODUCT_NAME = "$(TARGET_NAME)";
				TEST_HOST = "$(BUILT_PRODUCTS_DIR)/test.app/test";
			};
			name = Debug;
		};
		04B8A38D1B5D1401001CD94E /* Release */ = {
			isa = XCBuildConfiguration;
			buildSettings = {
				BUNDLE_LOADER = "$(TEST_HOST)";
				FRAMEWORK_SEARCH_PATHS = (
					"$(SDKROOT)/Developer/Library/Frameworks",
					"$(inherited)",
				);
				INFOPLIST_FILE = testTests/Info.plist;
				LD_RUNPATH_SEARCH_PATHS = "$(inherited) @executable_path/Frameworks @loader_path/Frameworks";
				PRODUCT_NAME = "$(TARGET_NAME)";
				TEST_HOST = "$(BUILT_PRODUCTS_DIR)/test.app/test";
			};
			name = Release;
		};
/* End XCBuildConfiguration section */

/* Begin XCConfigurationList section */
		04B8A3641B5D1400001CD94E /* Build configuration list for PBXProject "test" */ = {
			isa = XCConfigurationList;
			buildConfigurations = (
				04B8A3861B5D1401001CD94E /* Debug */,
				04B8A3871B5D1401001CD94E /* Release */,
			);
			defaultConfigurationIsVisible = 0;
			defaultConfigurationName = Release;
		};
		04B8A3881B5D1401001CD94E /* Build configuration list for PBXNativeTarget "test" */ = {
			isa = XCConfigurationList;
			buildConfigurations = (
				04B8A3891B5D1401001CD94E /* Debug */,
				04B8A38A1B5D1401001CD94E /* Release */,
			);
			defaultConfigurationIsVisible = 0;
		};
		04B8A38B1B5D1401001CD94E /* Build configuration list for PBXNativeTarget "testTests" */ = {
			isa = XCConfigurationList;
			buildConfigurations = (
				04B8A38C1B5D1401001CD94E /* Debug */,
				04B8A38D1B5D1401001CD94E /* Release */,
			);
			defaultConfigurationIsVisible = 0;
		};
/* End XCConfigurationList section */
	};
	rootObject = 04B8A3611B5D1400001CD94E /* Project object */;
}
